
Microsoft Visual Studio Solution File, Format Version 12.00
# Visual Studio 2015
Project("{FAE04EC0-301F-11D3-BF4B-00C04F79EFBC}") = "TangoMario.CSharp.Plugins", "TangoMario.CSharp.Plugins.csproj", "{EC4F02E6-4358-363A-DB11-B5D77FE86815}"
EndProject
Project("{FAE04EC0-301F-11D3-BF4B-00C04F79EFBC}") = "TangoMario.CSharp", "TangoMario.CSharp.csproj", "{141C5BAF-7416-1121-E351-13FC3EAEB2D9}"
EndProject
Project("{FAE04EC0-301F-11D3-BF4B-00C04F79EFBC}") = "TangoMario.CSharp.Editor", "TangoMario.CSharp.Editor.csproj", "{99DC39B4-FB13-7D8E-7439-E76151B3F4D1}"
EndProject
Global
	GlobalSection(SolutionConfigurationPlatforms) = preSolution
		Debug|Any CPU = Debug|Any CPU
		Release|Any CPU = Release|Any CPU
	EndGlobalSection
	GlobalSection(ProjectConfigurationPlatforms) = postSolution
		{EC4F02E6-4358-363A-DB11-B5D77FE86815}.Debug|Any CPU.ActiveCfg = Debug|Any CPU
		{EC4F02E6-4358-363A-DB11-B5D77FE86815}.Debug|Any CPU.Build.0 = Debug|Any CPU
		{EC4F02E6-4358-363A-DB11-B5D77FE86815}.Release|Any CPU.ActiveCfg = Release|Any CPU
		{EC4F02E6-4358-363A-DB11-B5D77FE86815}.Release|Any CPU.Build.0 = Release|Any CPU
		{141C5BAF-7416-1121-E351-13FC3EAEB2D9}.Debug|Any CPU.ActiveCfg = Debug|Any CPU
		{141C5BAF-7416-1121-E351-13FC3EAEB2D9}.Debug|Any CPU.Build.0 = Debug|Any CPU
		{141C5BAF-7416-1121-E351-13FC3EAEB2D9}.Release|Any CPU.ActiveCfg = Release|Any CPU
		{141C5BAF-7416-1121-E351-13FC3EAEB2D9}.Release|Any CPU.Build.0 = Release|Any CPU
		{99DC39B4-FB13-7D8E-7439-E76151B3F4D1}.Debug|Any CPU.ActiveCfg = Debug|Any CPU
		{99DC39B4-FB13-7D8E-7439-E76151B3F4D1}.Debug|Any CPU.Build.0 = Debug|Any CPU
		{99DC39B4-FB13-7D8E-7439-E76151B3F4D1}.Release|Any CPU.ActiveCfg = Release|Any CPU
		{99DC39B4-FB13-7D8E-7439-E76151B3F4D1}.Release|Any CPU.Build.0 = Release|Any CPU
	EndGlobalSection
	GlobalSection(SolutionProperties) = preSolution
		HideSolutionNode = FALSE
	EndGlobalSection
EndGlobal
